{
  "object": {
    "pins": [
      {
        "package": "HNBUI",
        "repositoryURL": "https://github.com/KenichiFujita/HNBUI",
        "state": {
          "branch": "main",
          "revision": "a0413a3c5d78ca2525d0bba7c9a9e16cfa9697ee",
          "version": null
        }
      },
      {
        "package": "Kingfisher",
        "repositoryURL": "https://github.com/onevcat/Kingfisher.git",
        "state": {
          "branch": null,
          "revision": "1a0c2df04b31ed7aa318354f3583faea24f006fc",
          "version": "5.15.8"
        }
      },
      {
        "package": "SwiftSoup",
        "repositoryURL": "https://github.com/scinfu/SwiftSoup.git",
        "state": {
          "branch": null,
          "revision": "11da8c685ddde2d519fad04a7daf8485bbbc773e",
          "version": "1.7.5"
        }
      }
    ]
  },
  "version": 1
}
